
Microsoft Visual Studio Solution File, Format Version 12.00
# Visual Studio Version 17
VisualStudioVersion = 17.0.31903.59
MinimumVisualStudioVersion = 10.0.40219.1
Project("{FAE04EC0-301F-11D3-BF4B-00C04F79EFBC}") = "API", "API\API.csproj", "{1FBCE2C3-17EE-4E6F-AA2B-BA85063E86FE}"
EndProject
Project("{FAE04EC0-301F-11D3-BF4B-00C04F79EFBC}") = "Application", "Application\Application.csproj", "{5F1D01FA-0E48-4FA2-873C-E0798D809D8E}"
EndProject
Project("{FAE04EC0-301F-11D3-BF4B-00C04F79EFBC}") = "Domain", "Domain\Domain.csproj", "{CAC22BFF-5F69-449E-B6B2-032E181907E7}"
EndProject
Project("{FAE04EC0-301F-11D3-BF4B-00C04F79EFBC}") = "Persistence", "Persistence\Persistence.csproj", "{4328E800-AD06-45FA-A7C5-733E32E33F57}"
EndProject
Global
	GlobalSection(SolutionConfigurationPlatforms) = preSolution
		Debug|Any CPU = Debug|Any CPU
		Release|Any CPU = Release|Any CPU
	EndGlobalSection
	GlobalSection(SolutionProperties) = preSolution
		HideSolutionNode = FALSE
	EndGlobalSection
	GlobalSection(ProjectConfigurationPlatforms) = postSolution
		{1FBCE2C3-17EE-4E6F-AA2B-BA85063E86FE}.Debug|Any CPU.ActiveCfg = Debug|Any CPU
		{1FBCE2C3-17EE-4E6F-AA2B-BA85063E86FE}.Debug|Any CPU.Build.0 = Debug|Any CPU
		{1FBCE2C3-17EE-4E6F-AA2B-BA85063E86FE}.Release|Any CPU.ActiveCfg = Release|Any CPU
		{1FBCE2C3-17EE-4E6F-AA2B-BA85063E86FE}.Release|Any CPU.Build.0 = Release|Any CPU
		{5F1D01FA-0E48-4FA2-873C-E0798D809D8E}.Debug|Any CPU.ActiveCfg = Debug|Any CPU
		{5F1D01FA-0E48-4FA2-873C-E0798D809D8E}.Debug|Any CPU.Build.0 = Debug|Any CPU
		{5F1D01FA-0E48-4FA2-873C-E0798D809D8E}.Release|Any CPU.ActiveCfg = Release|Any CPU
		{5F1D01FA-0E48-4FA2-873C-E0798D809D8E}.Release|Any CPU.Build.0 = Release|Any CPU
		{CAC22BFF-5F69-449E-B6B2-032E181907E7}.Debug|Any CPU.ActiveCfg = Debug|Any CPU
		{CAC22BFF-5F69-449E-B6B2-032E181907E7}.Debug|Any CPU.Build.0 = Debug|Any CPU
		{CAC22BFF-5F69-449E-B6B2-032E181907E7}.Release|Any CPU.ActiveCfg = Release|Any CPU
		{CAC22BFF-5F69-449E-B6B2-032E181907E7}.Release|Any CPU.Build.0 = Release|Any CPU
		{4328E800-AD06-45FA-A7C5-733E32E33F57}.Debug|Any CPU.ActiveCfg = Debug|Any CPU
		{4328E800-AD06-45FA-A7C5-733E32E33F57}.Debug|Any CPU.Build.0 = Debug|Any CPU
		{4328E800-AD06-45FA-A7C5-733E32E33F57}.Release|Any CPU.ActiveCfg = Release|Any CPU
		{4328E800-AD06-45FA-A7C5-733E32E33F57}.Release|Any CPU.Build.0 = Release|Any CPU
	EndGlobalSection
EndGlobal
